
Microsoft Visual Studio Solution File, Format Version 12.00
# Visual Studio Version 16
VisualStudioVersion = 16.0.29209.62
MinimumVisualStudioVersion = 10.0.40219.1
Project("{FAE04EC0-301F-11D3-BF4B-00C04F79EFBC}") = "SimpleSchool", "SimpleSchool\SimpleSchool.csproj", "{4F67E5F8-55CF-44FB-9F71-F53B3579DF27}"
EndProject
Project("{FAE04EC0-301F-11D3-BF4B-00C04F79EFBC}") = "ChinookSystem", "ChinookSystem\ChinookSystem.csproj", "{FC04016B-446C-40FB-9B28-A47B7ADBD47D}"
EndProject
Global
	GlobalSection(SolutionConfigurationPlatforms) = preSolution
		Debug|Any CPU = Debug|Any CPU
		Release|Any CPU = Release|Any CPU
	EndGlobalSection
	GlobalSection(ProjectConfigurationPlatforms) = postSolution
		{4F67E5F8-55CF-44FB-9F71-F53B3579DF27}.Debug|Any CPU.ActiveCfg = Debug|Any CPU
		{4F67E5F8-55CF-44FB-9F71-F53B3579DF27}.Debug|Any CPU.Build.0 = Debug|Any CPU
		{4F67E5F8-55CF-44FB-9F71-F53B3579DF27}.Release|Any CPU.ActiveCfg = Release|Any CPU
		{4F67E5F8-55CF-44FB-9F71-F53B3579DF27}.Release|Any CPU.Build.0 = Release|Any CPU
		{FC04016B-446C-40FB-9B28-A47B7ADBD47D}.Debug|Any CPU.ActiveCfg = Debug|Any CPU
		{FC04016B-446C-40FB-9B28-A47B7ADBD47D}.Debug|Any CPU.Build.0 = Debug|Any CPU
		{FC04016B-446C-40FB-9B28-A47B7ADBD47D}.Release|Any CPU.ActiveCfg = Release|Any CPU
		{FC04016B-446C-40FB-9B28-A47B7ADBD47D}.Release|Any CPU.Build.0 = Release|Any CPU
	EndGlobalSection
	GlobalSection(SolutionProperties) = preSolution
		HideSolutionNode = FALSE
	EndGlobalSection
	GlobalSection(ExtensibilityGlobals) = postSolution
		SolutionGuid = {B522F937-5A85-4951-938E-3AD7484BC9B7}
	EndGlobalSection
EndGlobal
